
Microsoft Visual Studio Solution File, Format Version 12.00
# Visual Studio Version 17
VisualStudioVersion = 17.12.35309.182
MinimumVisualStudioVersion = 10.0.40219.1
Project("{2150E333-8FDC-42A3-9474-1A3956D46DE8}") = "Services", "Services", "{15D24370-B5AB-4F6B-9D19-A63635880CAE}"
EndProject
Project("{2150E333-8FDC-42A3-9474-1A3956D46DE8}") = "Integration", "Integration", "{B8652AA8-DB77-4AC7-8C45-3BEB0E62BDED}"
EndProject
Project("{2150E333-8FDC-42A3-9474-1A3956D46DE8}") = "Gateway", "Gateway", "{0C61F64C-B815-4F94-9E19-6F59B2CC2217}"
EndProject
Project("{2150E333-8FDC-42A3-9474-1A3956D46DE8}") = "FrontEnd", "FrontEnd", "{5A152ADF-87FE-4030-B723-88262305131D}"
EndProject
Project("{FAE04EC0-301F-11D3-BF4B-00C04F79EFBC}") = "Store1.Services.CouponAPI", "Store1.Services.CouponAPI\Store1.Services.CouponAPI.csproj", "{C8ACD45F-476E-4BC8-B108-5BD7DA4F41D0}"
EndProject
Project("{FAE04EC0-301F-11D3-BF4B-00C04F79EFBC}") = "Store1.Web.Coupon", "Store1.Web.Coupon\Store1.Web.Coupon.csproj", "{18CE277C-30D9-420C-8C3B-19128ECB069F}"
EndProject
Global
	GlobalSection(SolutionConfigurationPlatforms) = preSolution
		Debug|Any CPU = Debug|Any CPU
		Release|Any CPU = Release|Any CPU
	EndGlobalSection
	GlobalSection(ProjectConfigurationPlatforms) = postSolution
		{C8ACD45F-476E-4BC8-B108-5BD7DA4F41D0}.Debug|Any CPU.ActiveCfg = Debug|Any CPU
		{C8ACD45F-476E-4BC8-B108-5BD7DA4F41D0}.Debug|Any CPU.Build.0 = Debug|Any CPU
		{C8ACD45F-476E-4BC8-B108-5BD7DA4F41D0}.Release|Any CPU.ActiveCfg = Release|Any CPU
		{C8ACD45F-476E-4BC8-B108-5BD7DA4F41D0}.Release|Any CPU.Build.0 = Release|Any CPU
		{18CE277C-30D9-420C-8C3B-19128ECB069F}.Debug|Any CPU.ActiveCfg = Debug|Any CPU
		{18CE277C-30D9-420C-8C3B-19128ECB069F}.Debug|Any CPU.Build.0 = Debug|Any CPU
		{18CE277C-30D9-420C-8C3B-19128ECB069F}.Release|Any CPU.ActiveCfg = Release|Any CPU
		{18CE277C-30D9-420C-8C3B-19128ECB069F}.Release|Any CPU.Build.0 = Release|Any CPU
	EndGlobalSection
	GlobalSection(SolutionProperties) = preSolution
		HideSolutionNode = FALSE
	EndGlobalSection
	GlobalSection(NestedProjects) = preSolution
		{C8ACD45F-476E-4BC8-B108-5BD7DA4F41D0} = {15D24370-B5AB-4F6B-9D19-A63635880CAE}
		{18CE277C-30D9-420C-8C3B-19128ECB069F} = {5A152ADF-87FE-4030-B723-88262305131D}
	EndGlobalSection
	GlobalSection(ExtensibilityGlobals) = postSolution
		SolutionGuid = {B0146408-38DC-4C67-8D0F-CBDC23990914}
	EndGlobalSection
EndGlobal
